
Microsoft Visual Studio Solution File, Format Version 12.00
# Visual Studio Version 17
VisualStudioVersion = 17.7.34031.279
MinimumVisualStudioVersion = 10.0.40219.1
Project("{9A19103F-16F7-4668-BE54-9A1E7A4F7556}") = "FrameBasedEntry", "FrameBasedEntry.csproj", "{0F4337A5-783B-4EC6-A400-BA2EA263B92C}"
EndProject
Project("{9A19103F-16F7-4668-BE54-9A1E7A4F7556}") = "TestProject1", "..\TestProject1\TestProject1.csproj", "{57ECB73A-0590-4C22-B10B-F0F5458AA0E9}"
EndProject
Global
	GlobalSection(SolutionConfigurationPlatforms) = preSolution
		Debug|Any CPU = Debug|Any CPU
		Release|Any CPU = Release|Any CPU
	EndGlobalSection
	GlobalSection(ProjectConfigurationPlatforms) = postSolution
		{0F4337A5-783B-4EC6-A400-BA2EA263B92C}.Debug|Any CPU.ActiveCfg = Debug|Any CPU
		{0F4337A5-783B-4EC6-A400-BA2EA263B92C}.Debug|Any CPU.Build.0 = Debug|Any CPU
		{0F4337A5-783B-4EC6-A400-BA2EA263B92C}.Release|Any CPU.ActiveCfg = Release|Any CPU
		{0F4337A5-783B-4EC6-A400-BA2EA263B92C}.Release|Any CPU.Build.0 = Release|Any CPU
		{57ECB73A-0590-4C22-B10B-F0F5458AA0E9}.Debug|Any CPU.ActiveCfg = Debug|Any CPU
		{57ECB73A-0590-4C22-B10B-F0F5458AA0E9}.Debug|Any CPU.Build.0 = Debug|Any CPU
		{57ECB73A-0590-4C22-B10B-F0F5458AA0E9}.Release|Any CPU.ActiveCfg = Release|Any CPU
		{57ECB73A-0590-4C22-B10B-F0F5458AA0E9}.Release|Any CPU.Build.0 = Release|Any CPU
	EndGlobalSection
	GlobalSection(SolutionProperties) = preSolution
		HideSolutionNode = FALSE
	EndGlobalSection
	GlobalSection(ExtensibilityGlobals) = postSolution
		SolutionGuid = {93986917-6BBC-460A-9FB5-EDCA034D86B5}
	EndGlobalSection
EndGlobal
