
Microsoft Visual Studio Solution File, Format Version 12.00
# Visual Studio Version 17
VisualStudioVersion = 17.7.34031.279
MinimumVisualStudioVersion = 10.0.40219.1
Project("{9A19103F-16F7-4668-BE54-9A1E7A4F7556}") = "Frames", "Frames.csproj", "{CEAFD144-0088-4EF3-A308-E8E4C54AC19D}"
EndProject
Project("{FAE04EC0-301F-11D3-BF4B-00C04F79EFBC}") = "FramesTest", "..\FramesTest\FramesTest.csproj", "{FA5B5F1C-C1C4-4D33-A6AC-CBE8CF83537B}"
EndProject
Global
	GlobalSection(SolutionConfigurationPlatforms) = preSolution
		Debug|Any CPU = Debug|Any CPU
		Release|Any CPU = Release|Any CPU
	EndGlobalSection
	GlobalSection(ProjectConfigurationPlatforms) = postSolution
		{CEAFD144-0088-4EF3-A308-E8E4C54AC19D}.Debug|Any CPU.ActiveCfg = Debug|Any CPU
		{CEAFD144-0088-4EF3-A308-E8E4C54AC19D}.Debug|Any CPU.Build.0 = Debug|Any CPU
		{CEAFD144-0088-4EF3-A308-E8E4C54AC19D}.Release|Any CPU.ActiveCfg = Release|Any CPU
		{CEAFD144-0088-4EF3-A308-E8E4C54AC19D}.Release|Any CPU.Build.0 = Release|Any CPU
		{FA5B5F1C-C1C4-4D33-A6AC-CBE8CF83537B}.Debug|Any CPU.ActiveCfg = Debug|Any CPU
		{FA5B5F1C-C1C4-4D33-A6AC-CBE8CF83537B}.Debug|Any CPU.Build.0 = Debug|Any CPU
		{FA5B5F1C-C1C4-4D33-A6AC-CBE8CF83537B}.Release|Any CPU.ActiveCfg = Release|Any CPU
		{FA5B5F1C-C1C4-4D33-A6AC-CBE8CF83537B}.Release|Any CPU.Build.0 = Release|Any CPU
	EndGlobalSection
	GlobalSection(SolutionProperties) = preSolution
		HideSolutionNode = FALSE
	EndGlobalSection
	GlobalSection(ExtensibilityGlobals) = postSolution
		SolutionGuid = {94D68B37-8CA5-43D3-9281-513351282932}
	EndGlobalSection
EndGlobal
